# THIS IS AN AUTOGENERATED FILE. DO NOT EDIT THIS FILE DIRECTLY.
# yarn lockfile v1


"@types/js-yaml@^4.0.5":
  version "4.0.5"
  resolved "https://registry.yarnpkg.com/@types/js-yaml/-/js-yaml-4.0.5.tgz#738dd390a6ecc5442f35e7f03fa1431353f7e138"
  integrity sha512-FhpRzf927MNQdRZP0J5DLIdTXhjLYzeUTmLAu69mnVksLH9CJY3IuSeEgbKUki7GQZm0WqDkGzyxju2EZGD2wA==

"@types/node@^18.11.18":
  version "18.11.18"
  resolved "https://registry.yarnpkg.com/@types/node/-/node-18.11.18.tgz#8dfb97f0da23c2293e554c5a50d61ef134d7697f"
  integrity sha512-DHQpWGjyQKSHj3ebjFI/wRKcqQcdR+MoFBygntYOZytCqNfkd2ZC4ARDJ2DQqhjH5p85Nnd3jhUJIXrszFX/JA==

argparse@^2.0.1:
  version "2.0.1"
  resolved "https://registry.yarnpkg.com/argparse/-/argparse-2.0.1.tgz#246f50f3ca78a3240f6c997e8a9bd1eac49e4b38"
  integrity sha512-8+9WqebbFzpX9OR+Wa6O29asIogeRMzcGtAINdpMHHyAg10f05aSFVBbcEqGf/PXw1EjAZ+q2/bEBg3DvurK3Q==

commander@^10.0.0:
  version "10.0.0"
  resolved "https://registry.yarnpkg.com/commander/-/commander-10.0.0.tgz#71797971162cd3cf65f0b9d24eb28f8d303acdf1"
  integrity sha512-zS5PnTI22FIRM6ylNW8G4Ap0IEOyk62fhLSD0+uHRT9McRCLGpkVNvao4bjimpK/GShynyQkFFxHhwMcETmduA==

js-yaml@^4.1.0:
  version "4.1.0"
  resolved "https://registry.yarnpkg.com/js-yaml/-/js-yaml-4.1.0.tgz#c1fb65f8f5017901cdd2c951864ba18458a10602"
  integrity sha512-wpxZs9NoxZaJESJGIZTyDEaYpl0FKSA+FB9aJiyemKhMwkxQg63h4T1KJgUGHpTqPDNRcmmYLugrRjJlBtWvRA==
  dependencies:
    argparse "^2.0.1"

typescript@^4.9.4:
  version "4.9.4"
  resolved "https://registry.yarnpkg.com/typescript/-/typescript-4.9.4.tgz#a2a3d2756c079abda241d75f149df9d561091e78"
  integrity sha512-Uz+dTXYzxXXbsFpM86Wh3dKCxrQqUcVMxwU54orwlJjOpO3ao8L7j5lH+dWfTwgCwIuM9GQ2kvVotzYJMXTBZg==

validator.ts@^0.2.2:
  version "0.2.2"
  resolved "https://registry.yarnpkg.com/validator.ts/-/validator.ts-0.2.2.tgz#a36501591c113aaa3814816fd74a1b4edaa61cec"
  integrity sha512-IDtM6IW0dHrFg0kdUajvqQiOHJc8C2OmuYx69VMxJhOl576/hV7Z2Eq9QipjqeunF1XLjsoVMWZ5PzJC0AYTbg==
  dependencies:
    validator "^5.1.0"

validator@^5.1.0:
  version "5.7.0"
  resolved "https://registry.yarnpkg.com/validator/-/validator-5.7.0.tgz#7a87a58146b695ac486071141c0c49d67da05e5c"
  integrity sha512-kHes0AATXms5NVgbJ4aDELR91O7+X+cxAS9d6I2z49MBhcAw6DYW4UCI8qv9NkL4+Mgx8jklt7gkCht+UHaZ+g==
