# THIS IS AN AUTOGENERATED FILE. DO NOT EDIT THIS FILE DIRECTLY.
# yarn lockfile v1


"@types/js-yaml@^4.0.5":
  version "4.0.5"
  resolved "https://registry.yarnpkg.com/@types/js-yaml/-/js-yaml-4.0.5.tgz#738dd390a6ecc5442f35e7f03fa1431353f7e138"
  integrity sha512-FhpRzf927MNQdRZP0J5DLIdTXhjLYzeUTmLAu69mnVksLH9CJY3IuSeEgbKUki7GQZm0WqDkGzyxju2EZGD2wA==

"@types/node@^18.11.18":
  version "18.11.18"
  resolved "https://registry.yarnpkg.com/@types/node/-/node-18.11.18.tgz#8dfb97f0da23c2293e554c5a50d61ef134d7697f"
  integrity sha512-DHQpWGjyQKSHj3ebjFI/wRKcqQcdR+MoFBygntYOZytCqNfkd2ZC4ARDJ2DQqhjH5p85Nnd3jhUJIXrszFX/JA==

"@types/validator@^13.7.10":
  version "13.7.10"
  resolved "https://registry.yarnpkg.com/@types/validator/-/validator-13.7.10.tgz#f9763dc0933f8324920afa9c0790308eedf55ca7"
  integrity sha512-t1yxFAR2n0+VO6hd/FJ9F2uezAZVWHLmpmlJzm1eX03+H7+HsuTAp7L8QJs+2pQCfWkP1+EXsGK9Z9v7o/qPVQ==

argparse@^2.0.1:
  version "2.0.1"
  resolved "https://registry.yarnpkg.com/argparse/-/argparse-2.0.1.tgz#246f50f3ca78a3240f6c997e8a9bd1eac49e4b38"
  integrity sha512-8+9WqebbFzpX9OR+Wa6O29asIogeRMzcGtAINdpMHHyAg10f05aSFVBbcEqGf/PXw1EjAZ+q2/bEBg3DvurK3Q==

asn1@^0.2.4:
  version "0.2.6"
  resolved "https://registry.yarnpkg.com/asn1/-/asn1-0.2.6.tgz#0d3a7bb6e64e02a90c0303b31f292868ea09a08d"
  integrity sha512-ix/FxPn0MDjeyJ7i/yoHGFt/EX6LyNbxSEhPPXODPL+KB0VPk86UYfL0lMdy+KCnv+fmvIzySwaK5COwqVbWTQ==
  dependencies:
    safer-buffer "~2.1.0"

bcrypt-pbkdf@^1.0.2:
  version "1.0.2"
  resolved "https://registry.yarnpkg.com/bcrypt-pbkdf/-/bcrypt-pbkdf-1.0.2.tgz#a4301d389b6a43f9b67ff3ca11a3f6637e360e9e"
  integrity sha512-qeFIXtP4MSoi6NLqO12WfqARWWuCKi2Rn/9hJLEmtB5yTNr9DqFWkJRCf2qShWzPeAMRnOgCrq0sg/KLv5ES9w==
  dependencies:
    tweetnacl "^0.14.3"

buildcheck@0.0.3:
  version "0.0.3"
  resolved "https://registry.yarnpkg.com/buildcheck/-/buildcheck-0.0.3.tgz#70451897a95d80f7807e68fc412eb2e7e35ff4d5"
  integrity sha512-pziaA+p/wdVImfcbsZLNF32EiWyujlQLwolMqUQE8xpKNOH7KmZQaY8sXN7DGOEzPAElo9QTaeNRfGnf3iOJbA==

class-validator@^0.14.0:
  version "0.14.0"
  resolved "https://registry.yarnpkg.com/class-validator/-/class-validator-0.14.0.tgz#40ed0ecf3c83b2a8a6a320f4edb607be0f0df159"
  integrity sha512-ct3ltplN8I9fOwUd8GrP8UQixwff129BkEtuWDKL5W45cQuLd19xqmTLu5ge78YDm/fdje6FMt0hGOhl0lii3A==
  dependencies:
    "@types/validator" "^13.7.10"
    libphonenumber-js "^1.10.14"
    validator "^13.7.0"

colors-cli@^1.0.26:
  version "1.0.29"
  resolved "https://registry.yarnpkg.com/colors-cli/-/colors-cli-1.0.29.tgz#121346c8e3f57344c3df38ee4641b6e4824718bd"
  integrity sha512-S3wbmkI5Hmw7V9zM+xwxqLQAm2Z21epMtfEzErzhA/ToGNSpMOMA1Y842O56tiH5La9ZGMasAGVUKFYfb9RG9g==

commander@^10.0.0:
  version "10.0.0"
  resolved "https://registry.yarnpkg.com/commander/-/commander-10.0.0.tgz#71797971162cd3cf65f0b9d24eb28f8d303acdf1"
  integrity sha512-zS5PnTI22FIRM6ylNW8G4Ap0IEOyk62fhLSD0+uHRT9McRCLGpkVNvao4bjimpK/GShynyQkFFxHhwMcETmduA==

cpu-features@~0.0.4:
  version "0.0.4"
  resolved "https://registry.yarnpkg.com/cpu-features/-/cpu-features-0.0.4.tgz#0023475bb4f4c525869c162e4108099e35bf19d8"
  integrity sha512-fKiZ/zp1mUwQbnzb9IghXtHtDoTMtNeb8oYGx6kX2SYfhnG0HNdBEBIzB9b5KlXu5DQPhfy3mInbBxFcgwAr3A==
  dependencies:
    buildcheck "0.0.3"
    nan "^2.15.0"

is-valid-domain@^0.1.6:
  version "0.1.6"
  resolved "https://registry.yarnpkg.com/is-valid-domain/-/is-valid-domain-0.1.6.tgz#3c85469d2938f170c8f82ce6e52df8ad9fca8105"
  integrity sha512-ZKtq737eFkZr71At8NxOFcP9O1K89gW3DkdrGMpp1upr/ueWjj+Weh4l9AI4rN0Gt8W2M1w7jrG2b/Yv83Ljpg==
  dependencies:
    punycode "^2.1.1"

js-yaml@^4.1.0:
  version "4.1.0"
  resolved "https://registry.yarnpkg.com/js-yaml/-/js-yaml-4.1.0.tgz#c1fb65f8f5017901cdd2c951864ba18458a10602"
  integrity sha512-wpxZs9NoxZaJESJGIZTyDEaYpl0FKSA+FB9aJiyemKhMwkxQg63h4T1KJgUGHpTqPDNRcmmYLugrRjJlBtWvRA==
  dependencies:
    argparse "^2.0.1"

libphonenumber-js@^1.10.14:
  version "1.10.18"
  resolved "https://registry.yarnpkg.com/libphonenumber-js/-/libphonenumber-js-1.10.18.tgz#657c419071c8a02c638c0e80d9ee1232f152f280"
  integrity sha512-NS4ZEgNhwbcPz1gfSXCGFnQm0xEiyTSPRthIuWytDzOiEG9xnZ2FbLyfJC4tI2BMAAXpoWbNxHYH75pa3Dq9og==

loading-cli@^1.1.0:
  version "1.1.0"
  resolved "https://registry.yarnpkg.com/loading-cli/-/loading-cli-1.1.0.tgz#3457edaa3290439ad0061755174363a8091d56bc"
  integrity sha512-r6Kj0Y3d3isT4vvJ0tFlND1CcLkpatWmlgQs/PEfnSofJSHZwAbsqexnpQEDj4nlxSXEqFWh/Wu2iQXAAZRPNQ==
  dependencies:
    colors-cli "^1.0.26"

nan@^2.15.0, nan@^2.16.0:
  version "2.17.0"
  resolved "https://registry.yarnpkg.com/nan/-/nan-2.17.0.tgz#c0150a2368a182f033e9aa5195ec76ea41a199cb"
  integrity sha512-2ZTgtl0nJsO0KQCjEpxcIr5D+Yv90plTitZt9JBfQvVJDS5seMl3FOvsh3+9CoYWXf/1l5OaZzzF6nDm4cagaQ==

punycode@^2.1.1:
  version "2.3.0"
  resolved "https://registry.yarnpkg.com/punycode/-/punycode-2.3.0.tgz#f67fa67c94da8f4d0cfff981aee4118064199b8f"
  integrity sha512-rRV+zQD8tVFys26lAGR9WUuS4iUAngJScM+ZRSKtvl5tKeZ2t5bvdNFdNHBW9FWR4guGHlgmsZ1G7BSm2wTbuA==

rsyncwrapper@^3.0.1:
  version "3.0.1"
  resolved "https://registry.yarnpkg.com/rsyncwrapper/-/rsyncwrapper-3.0.1.tgz#018856c2403829e8947715096e69326a4383ba76"
  integrity sha512-fkGmeEJRbKveT/6bBqTVzzHS1wtbGQwL6qnwT/+1AtMAsEV5dX1fSAiOJVZrDOnVsOr2lFl8ga1MZLoHekV3yg==

safer-buffer@~2.1.0:
  version "2.1.2"
  resolved "https://registry.yarnpkg.com/safer-buffer/-/safer-buffer-2.1.2.tgz#44fa161b0187b9549dd84bb91802f9bd8385cd6a"
  integrity sha512-YZo3K82SD7Riyi0E1EQPojLz7kpepnSQI9IyPbHHg1XXXevb5dJI7tpyN2ADxGcQbHG7vcyRHk0cbwqcQriUtg==

simple-ssh@^1.1.1:
  version "1.1.1"
  resolved "https://registry.yarnpkg.com/simple-ssh/-/simple-ssh-1.1.1.tgz#c196570e9899f2cfa36cbe60d53dd69b9faaacac"
  integrity sha512-X6DwRhBMr2102PjZDQHMxijnRGW49YR11WvhwWURuRu7UpiNZgnWQC9COmH0Lo/pgpTgYn/BORLqfxbCQuG0bQ==
  dependencies:
    ssh2 "^1.5.0"
    xtend "^4.0.1"

ssh2@^1.5.0:
  version "1.11.0"
  resolved "https://registry.yarnpkg.com/ssh2/-/ssh2-1.11.0.tgz#ce60186216971e12f6deb553dcf82322498fe2e4"
  integrity sha512-nfg0wZWGSsfUe/IBJkXVll3PEZ//YH2guww+mP88gTpuSU4FtZN7zu9JoeTGOyCNx2dTDtT9fOpWwlzyj4uOOw==
  dependencies:
    asn1 "^0.2.4"
    bcrypt-pbkdf "^1.0.2"
  optionalDependencies:
    cpu-features "~0.0.4"
    nan "^2.16.0"

tldts-core@^5.7.104:
  version "5.7.104"
  resolved "https://registry.yarnpkg.com/tldts-core/-/tldts-core-5.7.104.tgz#4313a9663e4085332750a5fb04bfa0b0d91b826d"
  integrity sha512-8vhSgc2nzPNT0J7XyCqcOtQ6+ySBn+gsPmj5h95YytIZ7L2Xl40paUmj0T6Uko42HegHGQxXieunHIQuABWSmQ==

tldts@^5.7.104:
  version "5.7.104"
  resolved "https://registry.yarnpkg.com/tldts/-/tldts-5.7.104.tgz#c964cf8a194936b086fa4c72994e92d4cd4d2562"
  integrity sha512-PlziEIVPH/ogbqOhS35K6MOeD09rd9U5g2NHO5n9NZeMC1PGpXgsjQpoJ1KiRnjhZsWDkzN8EoX3xQZuz5ZyFQ==
  dependencies:
    tldts-core "^5.7.104"

tweetnacl@^0.14.3:
  version "0.14.5"
  resolved "https://registry.yarnpkg.com/tweetnacl/-/tweetnacl-0.14.5.tgz#5ae68177f192d4456269d108afa93ff8743f4f64"
  integrity sha512-KXXFFdAbFXY4geFIwoyNK+f5Z1b7swfXABfL7HXCmoIWMKU3dmS26672A4EeQtDzLKy7SXmfBu51JolvEKwtGA==

typescript@^4.9.4:
  version "4.9.4"
  resolved "https://registry.yarnpkg.com/typescript/-/typescript-4.9.4.tgz#a2a3d2756c079abda241d75f149df9d561091e78"
  integrity sha512-Uz+dTXYzxXXbsFpM86Wh3dKCxrQqUcVMxwU54orwlJjOpO3ao8L7j5lH+dWfTwgCwIuM9GQ2kvVotzYJMXTBZg==

validator@^13.7.0:
  version "13.7.0"
  resolved "https://registry.yarnpkg.com/validator/-/validator-13.7.0.tgz#4f9658ba13ba8f3d82ee881d3516489ea85c0857"
  integrity sha512-nYXQLCBkpJ8X6ltALua9dRrZDHVYxjJ1wgskNt1lH9fzGjs3tgojGSCBjmEPwkWS1y29+DrizMTW19Pr9uB2nw==

xtend@^4.0.1:
  version "4.0.2"
  resolved "https://registry.yarnpkg.com/xtend/-/xtend-4.0.2.tgz#bb72779f5fa465186b1f438f674fa347fdb5db54"
  integrity sha512-LKYU1iAXJXUgAXn9URjiu+MWhyUXHsvfp7mcuYm9dSUKK0/CjtrUwFAxD82/mCWbtLsGjFIad0wIsod4zrTAEQ==
